<?xml version="1.0" encoding="utf-8"?>
<Project ToolsVersion="4.0" xmlns="http://schemas.microsoft.com/developer/msbuild/2003">
  <ItemGroup>
    <Filter Include="File di origine">
      <UniqueIdentifier>{4FC737F1-C7A5-4376-A066-2A32D752A2FF}</UniqueIdentifier>
      <Extensions>cpp;c;cc;cxx;c++;cppm;ixx;def;odl;idl;hpj;bat;asm;asmx</Extensions>
    </Filter>
    <Filter Include="File di intestazione">
      <UniqueIdentifier>{93995380-89BD-4b04-88EB-625FBE52EBFB}</UniqueIdentifier>
      <Extensions>h;hh;hpp;hxx;h++;hm;inl;inc;ipp;xsd</Extensions>
    </Filter>
    <Filter Include="File di risorse">
      <UniqueIdentifier>{67DA6AB6-F800-4c08-8B7A-83BB121AAD01}</UniqueIdentifier>
      <Extensions>rc;ico;cur;bmp;dlg;rc2;rct;bin;rgs;gif;jpg;jpeg;jpe;resx;tiff;tif;png;wav;mfcribbon-ms</Extensions>
    </Filter>
    <Filter Include="File di intestazione\Menu">
      <UniqueIdentifier>{d64ac55b-16c3-472e-858c-f98877810bf2}</UniqueIdentifier>
    </Filter>
    <Filter Include="File di origine\Menu">
      <UniqueIdentifier>{4d82fda0-6776-4f18-b95b-4fc6f4e6bc2b}</UniqueIdentifier>
    </Filter>
    <Filter Include="File di origine\Game">
      <UniqueIdentifier>{4497e90c-fbb0-4190-a13f-16f09c8a800a}</UniqueIdentifier>
    </Filter>
    <Filter Include="File di intestazione\Game">
      <UniqueIdentifier>{aee86bc3-a297-404e-aad1-3a5ec3c346f2}</UniqueIdentifier>
    </Filter>
    <Filter Include="File di intestazione\Utils">
      <UniqueIdentifier>{f15d97ae-f424-46a1-9e73-3c242074361e}</UniqueIdentifier>
    </Filter>
    <Filter Include="File di origine\Utils">
      <UniqueIdentifier>{70083e4c-7184-41dd-979f-d1c70f1ab94e}</UniqueIdentifier>
    </Filter>
    <Filter Include="File di intestazione\Network">
      <UniqueIdentifier>{ea928579-e5b3-4acb-95d4-b8fc3d282022}</UniqueIdentifier>
    </Filter>
    <Filter Include="File di origine\Network">
      <UniqueIdentifier>{98a6005c-9134-4db3-8651-d2fbc3fb3b51}</UniqueIdentifier>
    </Filter>
    <Filter Include="File di origine\GameMenus">
      <UniqueIdentifier>{3938a967-b8d0-4e68-9f22-486ccdeafeb9}</UniqueIdentifier>
    </Filter>
    <Filter Include="File di intestazione\GameMenus">
      <UniqueIdentifier>{f9e3020b-74bf-4cf7-94fd-d23736ca3368}</UniqueIdentifier>
    </Filter>
  </ItemGroup>
  <ItemGroup>
    <ClCompile Include="main.cpp">
      <Filter>File di origine</Filter>
    </ClCompile>
    <ClCompile Include="MainMenu.cpp">
      <Filter>File di origine\Menu</Filter>
    </ClCompile>
    <ClCompile Include="MenuConfirmationExit.cpp">
      <Filter>File di origine\Menu</Filter>
    </ClCompile>
    <ClCompile Include="Entity.cpp">
      <Filter>File di origine\Game</Filter>
    </ClCompile>
    <ClCompile Include="OptionsMainMenu.cpp">
      <Filter>File di origine\Menu</Filter>
    </ClCompile>
    <ClCompile Include="Music.cpp">
      <Filter>File di origine\Game</Filter>
    </ClCompile>
    <ClCompile Include="NicknameMenu.cpp">
      <Filter>File di origine\Menu</Filter>
    </ClCompile>
    <ClCompile Include="MainMenuTextureManager.cpp">
      <Filter>File di origine\Utils</Filter>
    </ClCompile>
    <ClCompile Include="FontManager.cpp">
      <Filter>File di origine\Utils</Filter>
    </ClCompile>
    <ClCompile Include="Client.cpp">
      <Filter>File di origine\Network</Filter>
    </ClCompile>
    <ClCompile Include="..\GameServer\NetPacket.cpp">
      <Filter>File di origine\Network</Filter>
    </ClCompile>
    <ClCompile Include="..\GameServer\network_utilities.cpp">
      <Filter>File di origine\Network</Filter>
    </ClCompile>
    <ClCompile Include="Sound.cpp">
      <Filter>File di origine\Game</Filter>
    </ClCompile>
    <ClCompile Include="IpPortMenu.cpp">
      <Filter>File di origine\Menu</Filter>
    </ClCompile>
    <ClCompile Include="SettingsManager.cpp">
      <Filter>File di origine\Utils</Filter>
    </ClCompile>
    <ClCompile Include="MainGameWindow.cpp">
      <Filter>File di origine\Game</Filter>
    </ClCompile>
    <ClCompile Include="MainGameTextureManager.cpp">
      <Filter>File di origine\Utils</Filter>
    </ClCompile>
    <ClCompile Include="Player.cpp">
      <Filter>File di origine\Game</Filter>
    </ClCompile>
    <ClCompile Include="GameSettingsMenu.cpp">
      <Filter>File di origine\GameMenus</Filter>
    </ClCompile>
  </ItemGroup>
  <ItemGroup>
    <ClInclude Include="MainMenu.h">
      <Filter>File di intestazione\Menu</Filter>
    </ClInclude>
    <ClInclude Include="MenuConfirmationExit.h">
      <Filter>File di intestazione\Menu</Filter>
    </ClInclude>
    <ClInclude Include="Entity.h">
      <Filter>File di intestazione\Game</Filter>
    </ClInclude>
    <ClInclude Include="OptionsMainMenu.h">
      <Filter>File di intestazione\Menu</Filter>
    </ClInclude>
    <ClInclude Include="ui_utils.h">
      <Filter>File di intestazione\Utils</Filter>
    </ClInclude>
    <ClInclude Include="Music.h">
      <Filter>File di intestazione\Game</Filter>
    </ClInclude>
    <ClInclude Include="NicknameMenu.h">
      <Filter>File di intestazione\Menu</Filter>
    </ClInclude>
    <ClInclude Include="MainMenuTextureManager.h">
      <Filter>File di intestazione\Utils</Filter>
    </ClInclude>
    <ClInclude Include="FontManager.h">
      <Filter>File di intestazione\Utils</Filter>
    </ClInclude>
    <ClInclude Include="Client.h">
      <Filter>File di intestazione\Network</Filter>
    </ClInclude>
    <ClInclude Include="..\GameServer\NetPacket.h">
      <Filter>File di intestazione\Network</Filter>
    </ClInclude>
    <ClInclude Include="..\GameServer\network_utilities.h">
      <Filter>File di intestazione\Network</Filter>
    </ClInclude>
    <ClInclude Include="Sound.h">
      <Filter>File di intestazione\Game</Filter>
    </ClInclude>
    <ClInclude Include="IpPortMenu.h">
      <Filter>File di intestazione\Menu</Filter>
    </ClInclude>
    <ClInclude Include="SettingsManager.h">
      <Filter>File di intestazione\Utils</Filter>
    </ClInclude>
    <ClInclude Include="MainGameWindow.h">
      <Filter>File di intestazione\Game</Filter>
    </ClInclude>
    <ClInclude Include="MainGameTextureManager.h">
      <Filter>File di intestazione\Utils</Filter>
    </ClInclude>
    <ClInclude Include="Player.h">
      <Filter>File di intestazione\Game</Filter>
    </ClInclude>
    <ClInclude Include="GameSettingsMenu.h">
      <Filter>File di intestazione\GameMenus</Filter>
    </ClInclude>
  </ItemGroup>
</Project>