<?xml version="1.0" encoding="utf-8"?>
<Project ToolsVersion="4.0" xmlns="http://schemas.microsoft.com/developer/msbuild/2003">
  <ItemGroup>
    <Filter Include="File di origine">
      <UniqueIdentifier>{4FC737F1-C7A5-4376-A066-2A32D752A2FF}</UniqueIdentifier>
      <Extensions>cpp;c;cc;cxx;c++;cppm;ixx;def;odl;idl;hpj;bat;asm;asmx</Extensions>
    </Filter>
    <Filter Include="File di intestazione">
      <UniqueIdentifier>{93995380-89BD-4b04-88EB-625FBE52EBFB}</UniqueIdentifier>
      <Extensions>h;hh;hpp;hxx;h++;hm;inl;inc;ipp;xsd</Extensions>
    </Filter>
    <Filter Include="File di risorse">
      <UniqueIdentifier>{67DA6AB6-F800-4c08-8B7A-83BB121AAD01}</UniqueIdentifier>
      <Extensions>rc;ico;cur;bmp;dlg;rc2;rct;bin;rgs;gif;jpg;jpeg;jpe;resx;tiff;tif;png;wav;mfcribbon-ms</Extensions>
    </Filter>
    <Filter Include="File di intestazione\Network">
      <UniqueIdentifier>{4bdf1b63-8259-484b-9270-6e787e5930a8}</UniqueIdentifier>
    </Filter>
    <Filter Include="File di origine\Network">
      <UniqueIdentifier>{8a1bb0bc-567f-479d-b6dc-58ffe3be44aa}</UniqueIdentifier>
    </Filter>
    <Filter Include="File di origine\Utils">
      <UniqueIdentifier>{9b8003aa-cf76-446e-984d-3af6f2a9e9a4}</UniqueIdentifier>
    </Filter>
    <Filter Include="File di intestazione\Utils">
      <UniqueIdentifier>{b04a680d-e304-473e-b22e-33d16d80a490}</UniqueIdentifier>
    </Filter>
  </ItemGroup>
  <ItemGroup>
    <ClCompile Include="GameSession.cpp">
      <Filter>File di origine\Network</Filter>
    </ClCompile>
    <ClCompile Include="Server.cpp">
      <Filter>File di origine\Network</Filter>
    </ClCompile>
    <ClCompile Include="TemporaryThread.cpp">
      <Filter>File di origine\Utils</Filter>
    </ClCompile>
    <ClCompile Include="game_session_utilities.cpp">
      <Filter>File di origine\Utils</Filter>
    </ClCompile>
    <ClCompile Include="User.cpp">
      <Filter>File di origine\Utils</Filter>
    </ClCompile>
    <ClCompile Include="ServerSettings.cpp">
      <Filter>File di origine\Utils</Filter>
    </ClCompile>
    <ClCompile Include="network_utilities.cpp">
      <Filter>File di origine\Utils</Filter>
    </ClCompile>
    <ClCompile Include="NetPacket.cpp">
      <Filter>File di origine\Network</Filter>
    </ClCompile>
    <ClCompile Include="main.cpp">
      <Filter>File di risorse</Filter>
    </ClCompile>
    <ClCompile Include="TemporaryThreadsManager.cpp">
      <Filter>File di origine\Utils</Filter>
    </ClCompile>
    <ClCompile Include="utils.h">
      <Filter>File di intestazione\Utils</Filter>
    </ClCompile>
    <ClCompile Include="udp_utilities.cpp">
      <Filter>File di origine\Network</Filter>
    </ClCompile>
  </ItemGroup>
  <ItemGroup>
    <ClInclude Include="GameSession.h">
      <Filter>File di intestazione\Network</Filter>
    </ClInclude>
    <ClInclude Include="Server.h">
      <Filter>File di intestazione\Network</Filter>
    </ClInclude>
    <ClInclude Include="game_session_utilities.h">
      <Filter>File di intestazione\Utils</Filter>
    </ClInclude>
    <ClInclude Include="TemporaryThread.h">
      <Filter>File di intestazione\Utils</Filter>
    </ClInclude>
    <ClInclude Include="User.h">
      <Filter>File di intestazione\Utils</Filter>
    </ClInclude>
    <ClInclude Include="ServerSettings.h">
      <Filter>File di intestazione\Utils</Filter>
    </ClInclude>
    <ClInclude Include="network_utilities.h">
      <Filter>File di intestazione\Utils</Filter>
    </ClInclude>
    <ClInclude Include="NetPacket.h">
      <Filter>File di intestazione\Network</Filter>
    </ClInclude>
    <ClInclude Include="ThreadSafeUnorderedMap.h">
      <Filter>File di intestazione\Utils</Filter>
    </ClInclude>
    <ClInclude Include="ThreadSafeQueue.h">
      <Filter>File di intestazione\Utils</Filter>
    </ClInclude>
    <ClInclude Include="TemporaryThreadsManager.h">
      <Filter>File di intestazione\Utils</Filter>
    </ClInclude>
    <ClInclude Include="udp_utilities.h">
      <Filter>File di intestazione\Network</Filter>
    </ClInclude>
  </ItemGroup>
</Project>